// !$*UTF8*$!
{
	archiveVersion = 1;
	classes = {
	};
	objectVersion = 46;
	objects = {

/* Begin PBXBuildFile section */
		F9023F9A1D5922A500C5E6AF /* Closeable.swift in Sources */ = {isa = PBXBuildFile; fileRef = F9023F991D5922A500C5E6AF /* Closeable.swift */; };
		F909241B1D4FCED600EBBF40 /* FileReader.swift in Sources */ = {isa = PBXBuildFile; fileRef = F909241A1D4FCED600EBBF40 /* FileReader.swift */; };
		F937C9651D69C5E2004F9C75 /* Constants.swift in Sources */ = {isa = PBXBuildFile; fileRef = F937C9641D69C5E2004F9C75 /* Constants.swift */; };
		F94BC55B1D4D63A5002EE668 /* InputStreamReader.swift in Sources */ = {isa = PBXBuildFile; fileRef = F94BC55A1D4D63A5002EE668 /* InputStreamReader.swift */; };
		F967AA951D5149970096EC1F /* BufferedReader.swift in Sources */ = {isa = PBXBuildFile; fileRef = F967AA941D5149970096EC1F /* BufferedReader.swift */; };
		F967AA991D515C720096EC1F /* StringReader.swift in Sources */ = {isa = PBXBuildFile; fileRef = F967AA981D515C720096EC1F /* StringReader.swift */; };
		F97759A81D74DBCF00B4B75A /* PerformanceTests.swift in Sources */ = {isa = PBXBuildFile; fileRef = F97759A71D74DBCF00B4B75A /* PerformanceTests.swift */; };
		F9B6360C1D739C6400A4961A /* BufferedReaderTests.swift in Sources */ = {isa = PBXBuildFile; fileRef = F9B635FE1D739C4600A4961A /* BufferedReaderTests.swift */; };
		F9B6360E1D739C6400A4961A /* FileReaderTests.swift in Sources */ = {isa = PBXBuildFile; fileRef = F9B636001D739C4600A4961A /* FileReaderTests.swift */; };
		F9B636101D739C6400A4961A /* InputStreamReaderTests.swift in Sources */ = {isa = PBXBuildFile; fileRef = F9B636021D739C4600A4961A /* InputStreamReaderTests.swift */; };
		F9B636121D739C6400A4961A /* StringWriterTests.swift in Sources */ = {isa = PBXBuildFile; fileRef = F9B636041D739C4600A4961A /* StringWriterTests.swift */; };
		F9CFB5D21D931B5F00D273A8 /* FileWriter.swift in Sources */ = {isa = PBXBuildFile; fileRef = F9CFB5D11D931B5F00D273A8 /* FileWriter.swift */; };
		F9CFB5D91D9321F800D273A8 /* FileWriterTests.swift in Sources */ = {isa = PBXBuildFile; fileRef = F9CFB5D81D9321F800D273A8 /* FileWriterTests.swift */; };
		F9CFB5DB1D932ABD00D273A8 /* OutputStreamWriterTests.swift in Sources */ = {isa = PBXBuildFile; fileRef = F9CFB5DA1D932ABD00D273A8 /* OutputStreamWriterTests.swift */; };
		_LinkFileRef_swift_io_via_swift_ioTestSuite /* swift_io.framework in Frameworks */ = {isa = PBXBuildFile; fileRef = "_____Product_swift_io" /* swift_io.framework */; };
		"__src_cc_ref_Sources/swift-io/Exception.swift" /* Exception.swift in Sources */ = {isa = PBXBuildFile; fileRef = "__PBXFileRef_Sources/swift-io/Exception.swift" /* Exception.swift */; };
		"__src_cc_ref_Sources/swift-io/FileWriter.swift" /* OutputStreamWriter.swift in Sources */ = {isa = PBXBuildFile; fileRef = "__PBXFileRef_Sources/swift-io/FileWriter.swift" /* OutputStreamWriter.swift */; };
		"__src_cc_ref_Sources/swift-io/IOException.swift" /* IOException.swift in Sources */ = {isa = PBXBuildFile; fileRef = "__PBXFileRef_Sources/swift-io/IOException.swift" /* IOException.swift */; };
		"__src_cc_ref_Sources/swift-io/Reader.swift" /* Reader.swift in Sources */ = {isa = PBXBuildFile; fileRef = "__PBXFileRef_Sources/swift-io/Reader.swift" /* Reader.swift */; };
		"__src_cc_ref_Sources/swift-io/StringWriter.swift" /* StringWriter.swift in Sources */ = {isa = PBXBuildFile; fileRef = "__PBXFileRef_Sources/swift-io/StringWriter.swift" /* StringWriter.swift */; };
		"__src_cc_ref_Sources/swift-io/Writer.swift" /* Writer.swift in Sources */ = {isa = PBXBuildFile; fileRef = "__PBXFileRef_Sources/swift-io/Writer.swift" /* Writer.swift */; };
/* End PBXBuildFile section */

/* Begin PBXContainerItemProxy section */
		F9E362D61D454D4500327955 /* PBXContainerItemProxy */ = {
			isa = PBXContainerItemProxy;
			containerPortal = __RootObject_ /* Project object */;
			proxyType = 1;
			remoteGlobalIDString = "______Target_swift_io";
			remoteInfo = "swift-io";
		};
/* End PBXContainerItemProxy section */

/* Begin PBXFileReference section */
		F9023F991D5922A500C5E6AF /* Closeable.swift */ = {isa = PBXFileReference; fileEncoding = 4; lastKnownFileType = sourcecode.swift; path = Closeable.swift; sourceTree = "<group>"; };
		F909241A1D4FCED600EBBF40 /* FileReader.swift */ = {isa = PBXFileReference; fileEncoding = 4; lastKnownFileType = sourcecode.swift; path = FileReader.swift; sourceTree = "<group>"; };
		F937C9641D69C5E2004F9C75 /* Constants.swift */ = {isa = PBXFileReference; fileEncoding = 4; lastKnownFileType = sourcecode.swift; path = Constants.swift; sourceTree = "<group>"; };
		F94BC55A1D4D63A5002EE668 /* InputStreamReader.swift */ = {isa = PBXFileReference; fileEncoding = 4; lastKnownFileType = sourcecode.swift; path = InputStreamReader.swift; sourceTree = "<group>"; };
		F95D315D1D55182700854E5C /* README.md */ = {isa = PBXFileReference; fileEncoding = 4; lastKnownFileType = net.daringfireball.markdown; path = README.md; sourceTree = "<group>"; };
		F967AA941D5149970096EC1F /* BufferedReader.swift */ = {isa = PBXFileReference; fileEncoding = 4; lastKnownFileType = sourcecode.swift; path = BufferedReader.swift; sourceTree = "<group>"; };
		F967AA981D515C720096EC1F /* StringReader.swift */ = {isa = PBXFileReference; fileEncoding = 4; lastKnownFileType = sourcecode.swift; path = StringReader.swift; sourceTree = "<group>"; };
		F97759A71D74DBCF00B4B75A /* PerformanceTests.swift */ = {isa = PBXFileReference; fileEncoding = 4; lastKnownFileType = sourcecode.swift; name = PerformanceTests.swift; path = "Tests/swift-io-Tests/PerformanceTests.swift"; sourceTree = SOURCE_ROOT; };
		F97759AC1D74DF4500B4B75A /* big.txt */ = {isa = PBXFileReference; fileEncoding = 4; lastKnownFileType = text; name = big.txt; path = "Tests/swift-io-Tests/big.txt"; sourceTree = SOURCE_ROOT; };
		F99C1EF11D51FCE00034170D /* TODO.md */ = {isa = PBXFileReference; fileEncoding = 4; lastKnownFileType = net.daringfireball.markdown; path = TODO.md; sourceTree = "<group>"; };
		F9B635FE1D739C4600A4961A /* BufferedReaderTests.swift */ = {isa = PBXFileReference; fileEncoding = 4; lastKnownFileType = sourcecode.swift; name = BufferedReaderTests.swift; path = "Tests/swift-io-Tests/BufferedReaderTests.swift"; sourceTree = SOURCE_ROOT; };
		F9B636001D739C4600A4961A /* FileReaderTests.swift */ = {isa = PBXFileReference; fileEncoding = 4; lastKnownFileType = sourcecode.swift; name = FileReaderTests.swift; path = "Tests/swift-io-Tests/FileReaderTests.swift"; sourceTree = SOURCE_ROOT; };
		F9B636021D739C4600A4961A /* InputStreamReaderTests.swift */ = {isa = PBXFileReference; fileEncoding = 4; lastKnownFileType = sourcecode.swift; name = InputStreamReaderTests.swift; path = "Tests/swift-io-Tests/InputStreamReaderTests.swift"; sourceTree = SOURCE_ROOT; };
		F9B636041D739C4600A4961A /* StringWriterTests.swift */ = {isa = PBXFileReference; fileEncoding = 4; lastKnownFileType = sourcecode.swift; name = StringWriterTests.swift; path = "Tests/swift-io-Tests/StringWriterTests.swift"; sourceTree = SOURCE_ROOT; };
		F9CFB5D11D931B5F00D273A8 /* FileWriter.swift */ = {isa = PBXFileReference; fileEncoding = 4; lastKnownFileType = sourcecode.swift; path = FileWriter.swift; sourceTree = "<group>"; };
		F9CFB5D81D9321F800D273A8 /* FileWriterTests.swift */ = {isa = PBXFileReference; fileEncoding = 4; lastKnownFileType = sourcecode.swift; name = FileWriterTests.swift; path = "Tests/swift-io-Tests/FileWriterTests.swift"; sourceTree = SOURCE_ROOT; };
		F9CFB5DA1D932ABD00D273A8 /* OutputStreamWriterTests.swift */ = {isa = PBXFileReference; fileEncoding = 4; lastKnownFileType = sourcecode.swift; name = OutputStreamWriterTests.swift; path = "Tests/swift-io-Tests/OutputStreamWriterTests.swift"; sourceTree = SOURCE_ROOT; };
		__PBXFileRef_Package.swift /* Package.swift */ = {isa = PBXFileReference; lastKnownFileType = sourcecode.swift; path = Package.swift; sourceTree = "<group>"; };
		"__PBXFileRef_Sources/swift-io/Exception.swift" /* Exception.swift */ = {isa = PBXFileReference; lastKnownFileType = sourcecode.swift; path = Exception.swift; sourceTree = "<group>"; };
		"__PBXFileRef_Sources/swift-io/FileWriter.swift" /* OutputStreamWriter.swift */ = {isa = PBXFileReference; lastKnownFileType = sourcecode.swift; path = OutputStreamWriter.swift; sourceTree = "<group>"; };
		"__PBXFileRef_Sources/swift-io/IOException.swift" /* IOException.swift */ = {isa = PBXFileReference; lastKnownFileType = sourcecode.swift; path = IOException.swift; sourceTree = "<group>"; };
		"__PBXFileRef_Sources/swift-io/Reader.swift" /* Reader.swift */ = {isa = PBXFileReference; lastKnownFileType = sourcecode.swift; path = Reader.swift; sourceTree = "<group>"; };
		"__PBXFileRef_Sources/swift-io/StringWriter.swift" /* StringWriter.swift */ = {isa = PBXFileReference; lastKnownFileType = sourcecode.swift; path = StringWriter.swift; sourceTree = "<group>"; };
		"__PBXFileRef_Sources/swift-io/Writer.swift" /* Writer.swift */ = {isa = PBXFileReference; lastKnownFileType = sourcecode.swift; path = Writer.swift; sourceTree = "<group>"; };
		"__PBXFileRef_swift-io.xcodeproj/Configs/Project.xcconfig" /* Project.xcconfig */ = {isa = PBXFileReference; lastKnownFileType = text.xcconfig; name = Project.xcconfig; path = "swift-io.xcodeproj/Configs/Project.xcconfig"; sourceTree = "<group>"; };
		__PBXFileRef_swift_ioTestSuite_Info.plist /* swift_ioTestSuite_Info.plist */ = {isa = PBXFileReference; lastKnownFileType = text.plist.xml; name = swift_ioTestSuite_Info.plist; path = "swift-io.xcodeproj/swift_ioTestSuite_Info.plist"; sourceTree = SOURCE_ROOT; };
		__PBXFileRef_swift_io_Info.plist /* swift_io_Info.plist */ = {isa = PBXFileReference; lastKnownFileType = text.plist.xml; name = swift_io_Info.plist; path = "swift-io.xcodeproj/swift_io_Info.plist"; sourceTree = SOURCE_ROOT; };
		"_____Product_swift_io" /* swift_io.framework */ = {isa = PBXFileReference; explicitFileType = wrapper.framework; path = swift_io.framework; sourceTree = BUILT_PRODUCTS_DIR; };
		"_____Product_swift_ioTestSuite" /* swift-ioTestSuite.xctest */ = {isa = PBXFileReference; explicitFileType = wrapper.cfbundle; path = "swift-ioTestSuite.xctest"; sourceTree = BUILT_PRODUCTS_DIR; };
/* End PBXFileReference section */

/* Begin PBXFrameworksBuildPhase section */
		"___LinkPhase_swift_io" /* Frameworks */ = {
			isa = PBXFrameworksBuildPhase;
			buildActionMask = 0;
			files = (
			);
			runOnlyForDeploymentPostprocessing = 0;
		};
		"___LinkPhase_swift_ioTestSuite" /* Frameworks */ = {
			isa = PBXFrameworksBuildPhase;
			buildActionMask = 0;
			files = (
				_LinkFileRef_swift_io_via_swift_ioTestSuite /* swift_io.framework in Frameworks */,
			);
			runOnlyForDeploymentPostprocessing = 0;
		};
/* End PBXFrameworksBuildPhase section */

/* Begin PBXGroup section */
		F927D5A01D4AD5BC00DC970E /* reader */ = {
			isa = PBXGroup;
			children = (
				"__PBXFileRef_Sources/swift-io/Reader.swift" /* Reader.swift */,
				F94BC55A1D4D63A5002EE668 /* InputStreamReader.swift */,
				F909241A1D4FCED600EBBF40 /* FileReader.swift */,
				F967AA941D5149970096EC1F /* BufferedReader.swift */,
				F967AA981D515C720096EC1F /* StringReader.swift */,
			);
			name = reader;
			sourceTree = "<group>";
		};
		F9A96EFA1D91C8D90043D3FE /* reader */ = {
			isa = PBXGroup;
			children = (
				F97759AC1D74DF4500B4B75A /* big.txt */,
				F9B635FE1D739C4600A4961A /* BufferedReaderTests.swift */,
				F9B636001D739C4600A4961A /* FileReaderTests.swift */,
				F9B636021D739C4600A4961A /* InputStreamReaderTests.swift */,
				F97759A71D74DBCF00B4B75A /* PerformanceTests.swift */,
			);
			name = reader;
			sourceTree = "<group>";
		};
		F9CFB5D31D931EBE00D273A8 /* writer */ = {
			isa = PBXGroup;
			children = (
				F9B636041D739C4600A4961A /* StringWriterTests.swift */,
				F9CFB5D81D9321F800D273A8 /* FileWriterTests.swift */,
				F9CFB5DA1D932ABD00D273A8 /* OutputStreamWriterTests.swift */,
			);
			name = writer;
			sourceTree = "<group>";
		};
		F9E362DC1D45669B00327955 /* writer */ = {
			isa = PBXGroup;
			children = (
				"__PBXFileRef_Sources/swift-io/FileWriter.swift" /* OutputStreamWriter.swift */,
				"__PBXFileRef_Sources/swift-io/StringWriter.swift" /* StringWriter.swift */,
				"__PBXFileRef_Sources/swift-io/Writer.swift" /* Writer.swift */,
				F9CFB5D11D931B5F00D273A8 /* FileWriter.swift */,
			);
			name = writer;
			sourceTree = "<group>";
		};
		TestProducts_ /* Tests */ = {
			isa = PBXGroup;
			children = (
				"_____Product_swift_ioTestSuite" /* swift-ioTestSuite.xctest */,
			);
			name = Tests;
			sourceTree = "<group>";
		};
		"___RootGroup_" = {
			isa = PBXGroup;
			children = (
				F95D315D1D55182700854E5C /* README.md */,
				F99C1EF11D51FCE00034170D /* TODO.md */,
				__PBXFileRef_Package.swift /* Package.swift */,
				"_____Configs_" /* Configs */,
				"_____Sources_" /* Sources */,
				"_______Tests_" /* Tests */,
				"____Products_" /* Products */,
			);
			sourceTree = "<group>";
		};
		"____Products_" /* Products */ = {
			isa = PBXGroup;
			children = (
				TestProducts_ /* Tests */,
				"_____Product_swift_io" /* swift_io.framework */,
			);
			name = Products;
			sourceTree = "<group>";
		};
		"_____Configs_" /* Configs */ = {
			isa = PBXGroup;
			children = (
				"__PBXFileRef_swift-io.xcodeproj/Configs/Project.xcconfig" /* Project.xcconfig */,
			);
			name = Configs;
			sourceTree = "<group>";
		};
		"_____Sources_" /* Sources */ = {
			isa = PBXGroup;
			children = (
				"_______Group_swift_io" /* swift-io */,
			);
			name = Sources;
			sourceTree = "<group>";
		};
		"_______Group_swift_io" /* swift-io */ = {
			isa = PBXGroup;
			children = (
				F927D5A01D4AD5BC00DC970E /* reader */,
				F9E362DC1D45669B00327955 /* writer */,
				F937C9641D69C5E2004F9C75 /* Constants.swift */,
				F9023F991D5922A500C5E6AF /* Closeable.swift */,
				"__PBXFileRef_Sources/swift-io/Exception.swift" /* Exception.swift */,
				"__PBXFileRef_Sources/swift-io/IOException.swift" /* IOException.swift */,
				__PBXFileRef_swift_io_Info.plist /* swift_io_Info.plist */,
			);
			name = "swift-io";
			path = "Sources/swift-io";
			sourceTree = "<group>";
		};
		"_______Group_swift_ioTestSuite" /* swift-ioTestSuite */ = {
			isa = PBXGroup;
			children = (
				F9A96EFA1D91C8D90043D3FE /* reader */,
				F9CFB5D31D931EBE00D273A8 /* writer */,
				__PBXFileRef_swift_ioTestSuite_Info.plist /* swift_ioTestSuite_Info.plist */,
			);
			name = "swift-ioTestSuite";
			path = "Tests/swift-io";
			sourceTree = "<group>";
		};
		"_______Tests_" /* Tests */ = {
			isa = PBXGroup;
			children = (
				"_______Group_swift_ioTestSuite" /* swift-ioTestSuite */,
			);
			name = Tests;
			sourceTree = "<group>";
		};
/* End PBXGroup section */

/* Begin PBXNativeTarget section */
		"______Target_swift_io" /* swift-io */ = {
			isa = PBXNativeTarget;
			buildConfigurationList = "_______Confs_swift_io" /* Build configuration list for PBXNativeTarget "swift-io" */;
			buildPhases = (
				CompilePhase_swift_io /* Sources */,
				"___LinkPhase_swift_io" /* Frameworks */,
			);
			buildRules = (
			);
			dependencies = (
			);
			name = "swift-io";
			productName = swift_io;
			productReference = "_____Product_swift_io" /* swift_io.framework */;
			productType = "com.apple.product-type.framework";
		};
		"______Target_swift_ioTestSuite" /* swift-ioTestSuite */ = {
			isa = PBXNativeTarget;
			buildConfigurationList = "_______Confs_swift_ioTestSuite" /* Build configuration list for PBXNativeTarget "swift-ioTestSuite" */;
			buildPhases = (
				CompilePhase_swift_ioTestSuite /* Sources */,
				"___LinkPhase_swift_ioTestSuite" /* Frameworks */,
			);
			buildRules = (
			);
			dependencies = (
				__Dependency_swift_io /* PBXTargetDependency */,
			);
			name = "swift-ioTestSuite";
			productName = swift_ioTestSuite;
			productReference = "_____Product_swift_ioTestSuite" /* swift-ioTestSuite.xctest */;
			productType = "com.apple.product-type.bundle.unit-test";
		};
/* End PBXNativeTarget section */

/* Begin PBXProject section */
		__RootObject_ /* Project object */ = {
			isa = PBXProject;
			attributes = {
				KnownAssetTags = (
					New,
				);
				LastUpgradeCheck = 9999;
				TargetAttributes = {
					"______Target_swift_io" = {
						LastSwiftMigration = 0800;
					};
					"______Target_swift_ioTestSuite" = {
						LastSwiftMigration = 0800;
					};
				};
			};
			buildConfigurationList = "___RootConfs_" /* Build configuration list for PBXProject "swift-io" */;
			compatibilityVersion = "Xcode 3.2";
			developmentRegion = English;
			hasScannedForEncodings = 0;
			knownRegions = (
				en,
			);
			mainGroup = "___RootGroup_";
			productRefGroup = "____Products_" /* Products */;
			projectDirPath = "";
			projectRoot = "";
			targets = (
				"______Target_swift_io" /* swift-io */,
				"______Target_swift_ioTestSuite" /* swift-ioTestSuite */,
			);
		};
/* End PBXProject section */

/* Begin PBXSourcesBuildPhase section */
		CompilePhase_swift_io /* Sources */ = {
			isa = PBXSourcesBuildPhase;
			buildActionMask = 0;
			files = (
				"__src_cc_ref_Sources/swift-io/Exception.swift" /* Exception.swift in Sources */,
				"__src_cc_ref_Sources/swift-io/FileWriter.swift" /* OutputStreamWriter.swift in Sources */,
				"__src_cc_ref_Sources/swift-io/IOException.swift" /* IOException.swift in Sources */,
				F9023F9A1D5922A500C5E6AF /* Closeable.swift in Sources */,
				F967AA991D515C720096EC1F /* StringReader.swift in Sources */,
				"__src_cc_ref_Sources/swift-io/Reader.swift" /* Reader.swift in Sources */,
				"__src_cc_ref_Sources/swift-io/StringWriter.swift" /* StringWriter.swift in Sources */,
				F937C9651D69C5E2004F9C75 /* Constants.swift in Sources */,
				"__src_cc_ref_Sources/swift-io/Writer.swift" /* Writer.swift in Sources */,
				F909241B1D4FCED600EBBF40 /* FileReader.swift in Sources */,
				F967AA951D5149970096EC1F /* BufferedReader.swift in Sources */,
				F9CFB5D21D931B5F00D273A8 /* FileWriter.swift in Sources */,
				F94BC55B1D4D63A5002EE668 /* InputStreamReader.swift in Sources */,
			);
			runOnlyForDeploymentPostprocessing = 0;
		};
		CompilePhase_swift_ioTestSuite /* Sources */ = {
			isa = PBXSourcesBuildPhase;
			buildActionMask = 0;
			files = (
				F9B6360C1D739C6400A4961A /* BufferedReaderTests.swift in Sources */,
				F9B6360E1D739C6400A4961A /* FileReaderTests.swift in Sources */,
				F9CFB5D91D9321F800D273A8 /* FileWriterTests.swift in Sources */,
				F9B636101D739C6400A4961A /* InputStreamReaderTests.swift in Sources */,
				F97759A81D74DBCF00B4B75A /* PerformanceTests.swift in Sources */,
				F9B636121D739C6400A4961A /* StringWriterTests.swift in Sources */,
				F9CFB5DB1D932ABD00D273A8 /* OutputStreamWriterTests.swift in Sources */,
			);
			runOnlyForDeploymentPostprocessing = 0;
		};
/* End PBXSourcesBuildPhase section */

/* Begin PBXTargetDependency section */
		__Dependency_swift_io /* PBXTargetDependency */ = {
			isa = PBXTargetDependency;
			target = "______Target_swift_io" /* swift-io */;
			targetProxy = F9E362D61D454D4500327955 /* PBXContainerItemProxy */;
		};
/* End PBXTargetDependency section */

/* Begin XCBuildConfiguration section */
		_ReleaseConf_swift_io /* Release */ = {
			isa = XCBuildConfiguration;
			buildSettings = {
				ENABLE_TESTABILITY = YES;
				FRAMEWORK_SEARCH_PATHS = "$(PLATFORM_DIR)/Developer/Library/Frameworks";
				INFOPLIST_FILE = "swift-io.xcodeproj/swift_io_Info.plist";
				LD_RUNPATH_SEARCH_PATHS = "$(TOOLCHAIN_DIR)/usr/lib/swift/macosx";
				OTHER_LDFLAGS = "$(inherited)";
				OTHER_SWIFT_FLAGS = "$(inherited)";
				PRODUCT_MODULE_NAME = "$(TARGET_NAME:c99extidentifier)";
				PRODUCT_NAME = "$(TARGET_NAME:c99extidentifier)";
				SWIFT_VERSION = 3.0;
			};
			name = Release;
		};
		_ReleaseConf_swift_ioTestSuite /* Release */ = {
			isa = XCBuildConfiguration;
			buildSettings = {
				EMBEDDED_CONTENT_CONTAINS_SWIFT = YES;
				FRAMEWORK_SEARCH_PATHS = "$(PLATFORM_DIR)/Developer/Library/Frameworks";
				INFOPLIST_FILE = "swift-io.xcodeproj/swift_ioTestSuite_Info.plist";
				LD_RUNPATH_SEARCH_PATHS = "@loader_path/../Frameworks";
				OTHER_LDFLAGS = "$(inherited)";
				OTHER_SWIFT_FLAGS = "$(inherited)";
				SWIFT_VERSION = 3.0;
			};
			name = Release;
		};
		"___DebugConf_swift_io" /* Debug */ = {
			isa = XCBuildConfiguration;
			buildSettings = {
				ENABLE_TESTABILITY = YES;
				FRAMEWORK_SEARCH_PATHS = "$(PLATFORM_DIR)/Developer/Library/Frameworks";
				INFOPLIST_FILE = "swift-io.xcodeproj/swift_io_Info.plist";
				LD_RUNPATH_SEARCH_PATHS = "$(TOOLCHAIN_DIR)/usr/lib/swift/macosx";
				OTHER_LDFLAGS = "$(inherited)";
				OTHER_SWIFT_FLAGS = "$(inherited)";
				PRODUCT_MODULE_NAME = "$(TARGET_NAME:c99extidentifier)";
				PRODUCT_NAME = "$(TARGET_NAME:c99extidentifier)";
				SWIFT_OPTIMIZATION_LEVEL = "-Onone";
				SWIFT_VERSION = 3.0;
			};
			name = Debug;
		};
		"___DebugConf_swift_ioTestSuite" /* Debug */ = {
			isa = XCBuildConfiguration;
			buildSettings = {
				EMBEDDED_CONTENT_CONTAINS_SWIFT = YES;
				FRAMEWORK_SEARCH_PATHS = "$(PLATFORM_DIR)/Developer/Library/Frameworks";
				INFOPLIST_FILE = "swift-io.xcodeproj/swift_ioTestSuite_Info.plist";
				LD_RUNPATH_SEARCH_PATHS = "@loader_path/../Frameworks";
				OTHER_LDFLAGS = "$(inherited)";
				OTHER_SWIFT_FLAGS = "$(inherited)";
				SWIFT_OPTIMIZATION_LEVEL = "-Onone";
				SWIFT_VERSION = 3.0;
			};
			name = Debug;
		};
		"_____Release_" /* Release */ = {
			isa = XCBuildConfiguration;
			baseConfigurationReference = "__PBXFileRef_swift-io.xcodeproj/Configs/Project.xcconfig" /* Project.xcconfig */;
			buildSettings = {
				SWIFT_DISABLE_SAFETY_CHECKS = YES;
				SWIFT_OPTIMIZATION_LEVEL = "-Owholemodule";
			};
			name = Release;
		};
		"_______Debug_" /* Debug */ = {
			isa = XCBuildConfiguration;
			baseConfigurationReference = "__PBXFileRef_swift-io.xcodeproj/Configs/Project.xcconfig" /* Project.xcconfig */;
			buildSettings = {
				SWIFT_OPTIMIZATION_LEVEL = "-Owholemodule";
			};
			name = Debug;
		};
/* End XCBuildConfiguration section */

/* Begin XCConfigurationList section */
		"___RootConfs_" /* Build configuration list for PBXProject "swift-io" */ = {
			isa = XCConfigurationList;
			buildConfigurations = (
				"_______Debug_" /* Debug */,
				"_____Release_" /* Release */,
			);
			defaultConfigurationIsVisible = 0;
			defaultConfigurationName = Debug;
		};
		"_______Confs_swift_io" /* Build configuration list for PBXNativeTarget "swift-io" */ = {
			isa = XCConfigurationList;
			buildConfigurations = (
				"___DebugConf_swift_io" /* Debug */,
				_ReleaseConf_swift_io /* Release */,
			);
			defaultConfigurationIsVisible = 0;
			defaultConfigurationName = Debug;
		};
		"_______Confs_swift_ioTestSuite" /* Build configuration list for PBXNativeTarget "swift-ioTestSuite" */ = {
			isa = XCConfigurationList;
			buildConfigurations = (
				"___DebugConf_swift_ioTestSuite" /* Debug */,
				_ReleaseConf_swift_ioTestSuite /* Release */,
			);
			defaultConfigurationIsVisible = 0;
			defaultConfigurationName = Debug;
		};
/* End XCConfigurationList section */
	};
	rootObject = __RootObject_ /* Project object */;
}
