// !$*UTF8*$!
{
	archiveVersion = 1;
	classes = {
	};
	objectVersion = 46;
	objects = {

/* Begin PBXBuildFile section */
		_LinkFileRef_SwiftIO_via_SwiftIOTests /* SwiftIO.framework in Frameworks */ = {isa = PBXBuildFile; fileRef = "_____Product_SwiftIO" /* SwiftIO.framework */; };
		__src_cc_ref_Sources/SwiftIO/Closeable.swift /* Closeable.swift in Sources */ = {isa = PBXBuildFile; fileRef = __PBXFileRef_Sources/SwiftIO/Closeable.swift /* Closeable.swift */; };
		__src_cc_ref_Sources/SwiftIO/Constants.swift /* Constants.swift in Sources */ = {isa = PBXBuildFile; fileRef = __PBXFileRef_Sources/SwiftIO/Constants.swift /* Constants.swift */; };
		__src_cc_ref_Sources/SwiftIO/Exception.swift /* Exception.swift in Sources */ = {isa = PBXBuildFile; fileRef = __PBXFileRef_Sources/SwiftIO/Exception.swift /* Exception.swift */; };
		__src_cc_ref_Sources/SwiftIO/IOException.swift /* IOException.swift in Sources */ = {isa = PBXBuildFile; fileRef = __PBXFileRef_Sources/SwiftIO/IOException.swift /* IOException.swift */; };
		__src_cc_ref_Sources/SwiftIO/reader/BufferedReader.swift /* reader/BufferedReader.swift in Sources */ = {isa = PBXBuildFile; fileRef = __PBXFileRef_Sources/SwiftIO/reader/BufferedReader.swift /* reader/BufferedReader.swift */; };
		__src_cc_ref_Sources/SwiftIO/reader/FileReader.swift /* reader/FileReader.swift in Sources */ = {isa = PBXBuildFile; fileRef = __PBXFileRef_Sources/SwiftIO/reader/FileReader.swift /* reader/FileReader.swift */; };
		__src_cc_ref_Sources/SwiftIO/reader/InputStreamReader.swift /* reader/InputStreamReader.swift in Sources */ = {isa = PBXBuildFile; fileRef = __PBXFileRef_Sources/SwiftIO/reader/InputStreamReader.swift /* reader/InputStreamReader.swift */; };
		__src_cc_ref_Sources/SwiftIO/reader/Reader.swift /* reader/Reader.swift in Sources */ = {isa = PBXBuildFile; fileRef = __PBXFileRef_Sources/SwiftIO/reader/Reader.swift /* reader/Reader.swift */; };
		__src_cc_ref_Sources/SwiftIO/reader/StringReader.swift /* reader/StringReader.swift in Sources */ = {isa = PBXBuildFile; fileRef = __PBXFileRef_Sources/SwiftIO/reader/StringReader.swift /* reader/StringReader.swift */; };
		__src_cc_ref_Sources/SwiftIO/writer/FileWriter.swift /* writer/FileWriter.swift in Sources */ = {isa = PBXBuildFile; fileRef = __PBXFileRef_Sources/SwiftIO/writer/FileWriter.swift /* writer/FileWriter.swift */; };
		__src_cc_ref_Sources/SwiftIO/writer/OutputStreamWriter.swift /* writer/OutputStreamWriter.swift in Sources */ = {isa = PBXBuildFile; fileRef = __PBXFileRef_Sources/SwiftIO/writer/OutputStreamWriter.swift /* writer/OutputStreamWriter.swift */; };
		__src_cc_ref_Sources/SwiftIO/writer/StringWriter.swift /* writer/StringWriter.swift in Sources */ = {isa = PBXBuildFile; fileRef = __PBXFileRef_Sources/SwiftIO/writer/StringWriter.swift /* writer/StringWriter.swift */; };
		__src_cc_ref_Sources/SwiftIO/writer/Writer.swift /* writer/Writer.swift in Sources */ = {isa = PBXBuildFile; fileRef = __PBXFileRef_Sources/SwiftIO/writer/Writer.swift /* writer/Writer.swift */; };
		__src_cc_ref_Tests/SwiftIOTests/BufferedReaderTests.swift /* BufferedReaderTests.swift in Sources */ = {isa = PBXBuildFile; fileRef = __PBXFileRef_Tests/SwiftIOTests/BufferedReaderTests.swift /* BufferedReaderTests.swift */; };
		__src_cc_ref_Tests/SwiftIOTests/FileReaderTests.swift /* FileReaderTests.swift in Sources */ = {isa = PBXBuildFile; fileRef = __PBXFileRef_Tests/SwiftIOTests/FileReaderTests.swift /* FileReaderTests.swift */; };
		__src_cc_ref_Tests/SwiftIOTests/FileWriterTests.swift /* FileWriterTests.swift in Sources */ = {isa = PBXBuildFile; fileRef = __PBXFileRef_Tests/SwiftIOTests/FileWriterTests.swift /* FileWriterTests.swift */; };
		__src_cc_ref_Tests/SwiftIOTests/InputStreamReaderTests.swift /* InputStreamReaderTests.swift in Sources */ = {isa = PBXBuildFile; fileRef = __PBXFileRef_Tests/SwiftIOTests/InputStreamReaderTests.swift /* InputStreamReaderTests.swift */; };
		__src_cc_ref_Tests/SwiftIOTests/OutputStreamWriterTests.swift /* OutputStreamWriterTests.swift in Sources */ = {isa = PBXBuildFile; fileRef = __PBXFileRef_Tests/SwiftIOTests/OutputStreamWriterTests.swift /* OutputStreamWriterTests.swift */; };
		__src_cc_ref_Tests/SwiftIOTests/PerformanceTests.swift /* PerformanceTests.swift in Sources */ = {isa = PBXBuildFile; fileRef = __PBXFileRef_Tests/SwiftIOTests/PerformanceTests.swift /* PerformanceTests.swift */; };
		__src_cc_ref_Tests/SwiftIOTests/StringWriterTests.swift /* StringWriterTests.swift in Sources */ = {isa = PBXBuildFile; fileRef = __PBXFileRef_Tests/SwiftIOTests/StringWriterTests.swift /* StringWriterTests.swift */; };
/* End PBXBuildFile section */

/* Begin PBXContainerItemProxy section */
		F991DBB91D9DB0B40076252F /* PBXContainerItemProxy */ = {
			isa = PBXContainerItemProxy;
			containerPortal = __RootObject_ /* Project object */;
			proxyType = 1;
			remoteGlobalIDString = "______Target_SwiftIO";
			remoteInfo = SwiftIO;
		};
/* End PBXContainerItemProxy section */

/* Begin PBXFileReference section */
		F991DBBC1D9DC1E60076252F /* generate-docs.sh */ = {isa = PBXFileReference; fileEncoding = 4; lastKnownFileType = text.script.sh; path = "generate-docs.sh"; sourceTree = "<group>"; };
		F991DBBD1D9DC1E60076252F /* LICENSE */ = {isa = PBXFileReference; fileEncoding = 4; lastKnownFileType = text; path = LICENSE; sourceTree = "<group>"; };
		F991DBBE1D9DC1E60076252F /* README.md */ = {isa = PBXFileReference; fileEncoding = 4; lastKnownFileType = net.daringfireball.markdown; path = README.md; sourceTree = "<group>"; };
		F991DBBF1D9DC1E60076252F /* TODO.md */ = {isa = PBXFileReference; fileEncoding = 4; lastKnownFileType = net.daringfireball.markdown; path = TODO.md; sourceTree = "<group>"; };
		__PBXFileRef_Package.swift /* Package.swift */ = {isa = PBXFileReference; lastKnownFileType = sourcecode.swift; path = Package.swift; sourceTree = "<group>"; };
		__PBXFileRef_Sources/SwiftIO/Closeable.swift /* Closeable.swift */ = {isa = PBXFileReference; lastKnownFileType = sourcecode.swift; path = Closeable.swift; sourceTree = "<group>"; };
		__PBXFileRef_Sources/SwiftIO/Constants.swift /* Constants.swift */ = {isa = PBXFileReference; lastKnownFileType = sourcecode.swift; path = Constants.swift; sourceTree = "<group>"; };
		__PBXFileRef_Sources/SwiftIO/Exception.swift /* Exception.swift */ = {isa = PBXFileReference; lastKnownFileType = sourcecode.swift; path = Exception.swift; sourceTree = "<group>"; };
		__PBXFileRef_Sources/SwiftIO/IOException.swift /* IOException.swift */ = {isa = PBXFileReference; lastKnownFileType = sourcecode.swift; path = IOException.swift; sourceTree = "<group>"; };
		__PBXFileRef_Sources/SwiftIO/reader/BufferedReader.swift /* reader/BufferedReader.swift */ = {isa = PBXFileReference; lastKnownFileType = sourcecode.swift; path = reader/BufferedReader.swift; sourceTree = "<group>"; };
		__PBXFileRef_Sources/SwiftIO/reader/FileReader.swift /* reader/FileReader.swift */ = {isa = PBXFileReference; lastKnownFileType = sourcecode.swift; path = reader/FileReader.swift; sourceTree = "<group>"; };
		__PBXFileRef_Sources/SwiftIO/reader/InputStreamReader.swift /* reader/InputStreamReader.swift */ = {isa = PBXFileReference; lastKnownFileType = sourcecode.swift; path = reader/InputStreamReader.swift; sourceTree = "<group>"; };
		__PBXFileRef_Sources/SwiftIO/reader/Reader.swift /* reader/Reader.swift */ = {isa = PBXFileReference; lastKnownFileType = sourcecode.swift; path = reader/Reader.swift; sourceTree = "<group>"; };
		__PBXFileRef_Sources/SwiftIO/reader/StringReader.swift /* reader/StringReader.swift */ = {isa = PBXFileReference; lastKnownFileType = sourcecode.swift; path = reader/StringReader.swift; sourceTree = "<group>"; };
		__PBXFileRef_Sources/SwiftIO/writer/FileWriter.swift /* writer/FileWriter.swift */ = {isa = PBXFileReference; lastKnownFileType = sourcecode.swift; path = writer/FileWriter.swift; sourceTree = "<group>"; };
		__PBXFileRef_Sources/SwiftIO/writer/OutputStreamWriter.swift /* writer/OutputStreamWriter.swift */ = {isa = PBXFileReference; lastKnownFileType = sourcecode.swift; path = writer/OutputStreamWriter.swift; sourceTree = "<group>"; };
		__PBXFileRef_Sources/SwiftIO/writer/StringWriter.swift /* writer/StringWriter.swift */ = {isa = PBXFileReference; lastKnownFileType = sourcecode.swift; path = writer/StringWriter.swift; sourceTree = "<group>"; };
		__PBXFileRef_Sources/SwiftIO/writer/Writer.swift /* writer/Writer.swift */ = {isa = PBXFileReference; lastKnownFileType = sourcecode.swift; path = writer/Writer.swift; sourceTree = "<group>"; };
		__PBXFileRef_Tests/SwiftIOTests/BufferedReaderTests.swift /* BufferedReaderTests.swift */ = {isa = PBXFileReference; lastKnownFileType = sourcecode.swift; path = BufferedReaderTests.swift; sourceTree = "<group>"; };
		__PBXFileRef_Tests/SwiftIOTests/FileReaderTests.swift /* FileReaderTests.swift */ = {isa = PBXFileReference; lastKnownFileType = sourcecode.swift; path = FileReaderTests.swift; sourceTree = "<group>"; };
		__PBXFileRef_Tests/SwiftIOTests/FileWriterTests.swift /* FileWriterTests.swift */ = {isa = PBXFileReference; lastKnownFileType = sourcecode.swift; path = FileWriterTests.swift; sourceTree = "<group>"; };
		__PBXFileRef_Tests/SwiftIOTests/InputStreamReaderTests.swift /* InputStreamReaderTests.swift */ = {isa = PBXFileReference; lastKnownFileType = sourcecode.swift; path = InputStreamReaderTests.swift; sourceTree = "<group>"; };
		__PBXFileRef_Tests/SwiftIOTests/OutputStreamWriterTests.swift /* OutputStreamWriterTests.swift */ = {isa = PBXFileReference; lastKnownFileType = sourcecode.swift; path = OutputStreamWriterTests.swift; sourceTree = "<group>"; };
		__PBXFileRef_Tests/SwiftIOTests/PerformanceTests.swift /* PerformanceTests.swift */ = {isa = PBXFileReference; lastKnownFileType = sourcecode.swift; path = PerformanceTests.swift; sourceTree = "<group>"; };
		__PBXFileRef_Tests/SwiftIOTests/StringWriterTests.swift /* StringWriterTests.swift */ = {isa = PBXFileReference; lastKnownFileType = sourcecode.swift; path = StringWriterTests.swift; sourceTree = "<group>"; };
		__PBXFileRef_build /* build */ = {isa = PBXFileReference; lastKnownFileType = folder; path = build; sourceTree = "<group>"; };
		__PBXFileRef_docs /* docs */ = {isa = PBXFileReference; lastKnownFileType = folder; path = docs; sourceTree = "<group>"; };
		"__PBXFileRef_swift-io.xcodeproj/Configs/Project.xcconfig" /* swift-io.xcodeproj/Configs/Project.xcconfig */ = {isa = PBXFileReference; lastKnownFileType = text.xcconfig; path = "swift-io.xcodeproj/Configs/Project.xcconfig"; sourceTree = "<group>"; };
		"_____Product_SwiftIO" /* SwiftIO.framework */ = {isa = PBXFileReference; explicitFileType = wrapper.framework; path = SwiftIO.framework; sourceTree = BUILT_PRODUCTS_DIR; };
		"_____Product_SwiftIOTests" /* SwiftIOTests.xctest */ = {isa = PBXFileReference; lastKnownFileType = file; path = SwiftIOTests.xctest; sourceTree = BUILT_PRODUCTS_DIR; };
/* End PBXFileReference section */

/* Begin PBXFrameworksBuildPhase section */
		"___LinkPhase_SwiftIO" /* Frameworks */ = {
			isa = PBXFrameworksBuildPhase;
			buildActionMask = 0;
			files = (
			);
			runOnlyForDeploymentPostprocessing = 0;
		};
		"___LinkPhase_SwiftIOTests" /* Frameworks */ = {
			isa = PBXFrameworksBuildPhase;
			buildActionMask = 0;
			files = (
				_LinkFileRef_SwiftIO_via_SwiftIOTests /* SwiftIO.framework in Frameworks */,
			);
			runOnlyForDeploymentPostprocessing = 0;
		};
/* End PBXFrameworksBuildPhase section */

/* Begin PBXGroup section */
		F991DBBA1D9DB0D50076252F /* reader */ = {
			isa = PBXGroup;
			children = (
				__PBXFileRef_Sources/SwiftIO/reader/BufferedReader.swift /* reader/BufferedReader.swift */,
				__PBXFileRef_Sources/SwiftIO/reader/FileReader.swift /* reader/FileReader.swift */,
				__PBXFileRef_Sources/SwiftIO/reader/InputStreamReader.swift /* reader/InputStreamReader.swift */,
				__PBXFileRef_Sources/SwiftIO/reader/Reader.swift /* reader/Reader.swift */,
				__PBXFileRef_Sources/SwiftIO/reader/StringReader.swift /* reader/StringReader.swift */,
			);
			name = reader;
			sourceTree = "<group>";
		};
		F991DBBB1D9DB0E80076252F /* writer */ = {
			isa = PBXGroup;
			children = (
				__PBXFileRef_Sources/SwiftIO/writer/FileWriter.swift /* writer/FileWriter.swift */,
				__PBXFileRef_Sources/SwiftIO/writer/OutputStreamWriter.swift /* writer/OutputStreamWriter.swift */,
				__PBXFileRef_Sources/SwiftIO/writer/StringWriter.swift /* writer/StringWriter.swift */,
				__PBXFileRef_Sources/SwiftIO/writer/Writer.swift /* writer/Writer.swift */,
			);
			name = writer;
			sourceTree = "<group>";
		};
		TestProducts_ /* Tests */ = {
			isa = PBXGroup;
			children = (
				"_____Product_SwiftIOTests" /* SwiftIOTests.xctest */,
			);
			name = Tests;
			sourceTree = "<group>";
		};
		"___RootGroup_" = {
			isa = PBXGroup;
			children = (
				F991DBBC1D9DC1E60076252F /* generate-docs.sh */,
				F991DBBD1D9DC1E60076252F /* LICENSE */,
				F991DBBE1D9DC1E60076252F /* README.md */,
				F991DBBF1D9DC1E60076252F /* TODO.md */,
				__PBXFileRef_Package.swift /* Package.swift */,
				"_____Configs_" /* Configs */,
				"_____Sources_" /* Sources */,
				__PBXFileRef_build /* build */,
				__PBXFileRef_docs /* docs */,
				"_______Tests_" /* Tests */,
				"____Products_" /* Products */,
			);
			sourceTree = "<group>";
		};
		"____Products_" /* Products */ = {
			isa = PBXGroup;
			children = (
				TestProducts_ /* Tests */,
				"_____Product_SwiftIO" /* SwiftIO.framework */,
			);
			name = Products;
			sourceTree = "<group>";
		};
		"_____Configs_" /* Configs */ = {
			isa = PBXGroup;
			children = (
				"__PBXFileRef_swift-io.xcodeproj/Configs/Project.xcconfig" /* swift-io.xcodeproj/Configs/Project.xcconfig */,
			);
			name = Configs;
			sourceTree = "<group>";
		};
		"_____Sources_" /* Sources */ = {
			isa = PBXGroup;
			children = (
				"_______Group_SwiftIO" /* SwiftIO */,
			);
			name = Sources;
			sourceTree = "<group>";
		};
		"_______Group_SwiftIO" /* SwiftIO */ = {
			isa = PBXGroup;
			children = (
				F991DBBA1D9DB0D50076252F /* reader */,
				F991DBBB1D9DB0E80076252F /* writer */,
				__PBXFileRef_Sources/SwiftIO/Closeable.swift /* Closeable.swift */,
				__PBXFileRef_Sources/SwiftIO/Constants.swift /* Constants.swift */,
				__PBXFileRef_Sources/SwiftIO/Exception.swift /* Exception.swift */,
				__PBXFileRef_Sources/SwiftIO/IOException.swift /* IOException.swift */,
			);
			name = SwiftIO;
			path = Sources/SwiftIO;
			sourceTree = "<group>";
		};
		"_______Group_SwiftIOTests" /* SwiftIOTests */ = {
			isa = PBXGroup;
			children = (
				__PBXFileRef_Tests/SwiftIOTests/BufferedReaderTests.swift /* BufferedReaderTests.swift */,
				__PBXFileRef_Tests/SwiftIOTests/FileReaderTests.swift /* FileReaderTests.swift */,
				__PBXFileRef_Tests/SwiftIOTests/FileWriterTests.swift /* FileWriterTests.swift */,
				__PBXFileRef_Tests/SwiftIOTests/InputStreamReaderTests.swift /* InputStreamReaderTests.swift */,
				__PBXFileRef_Tests/SwiftIOTests/OutputStreamWriterTests.swift /* OutputStreamWriterTests.swift */,
				__PBXFileRef_Tests/SwiftIOTests/PerformanceTests.swift /* PerformanceTests.swift */,
				__PBXFileRef_Tests/SwiftIOTests/StringWriterTests.swift /* StringWriterTests.swift */,
			);
			name = SwiftIOTests;
			path = Tests/SwiftIOTests;
			sourceTree = "<group>";
		};
		"_______Tests_" /* Tests */ = {
			isa = PBXGroup;
			children = (
				"_______Group_SwiftIOTests" /* SwiftIOTests */,
			);
			name = Tests;
			sourceTree = "<group>";
		};
/* End PBXGroup section */

/* Begin PBXNativeTarget section */
		"______Target_SwiftIO" /* SwiftIO */ = {
			isa = PBXNativeTarget;
			buildConfigurationList = "_______Confs_SwiftIO" /* Build configuration list for PBXNativeTarget "SwiftIO" */;
			buildPhases = (
				CompilePhase_SwiftIO /* Sources */,
				"___LinkPhase_SwiftIO" /* Frameworks */,
			);
			buildRules = (
			);
			dependencies = (
			);
			name = SwiftIO;
			productName = SwiftIO;
			productReference = "_____Product_SwiftIO" /* SwiftIO.framework */;
			productType = "com.apple.product-type.framework";
		};
		"______Target_SwiftIOTests" /* SwiftIOTests */ = {
			isa = PBXNativeTarget;
			buildConfigurationList = "_______Confs_SwiftIOTests" /* Build configuration list for PBXNativeTarget "SwiftIOTests" */;
			buildPhases = (
				CompilePhase_SwiftIOTests /* Sources */,
				"___LinkPhase_SwiftIOTests" /* Frameworks */,
			);
			buildRules = (
			);
			dependencies = (
				__Dependency_SwiftIO /* PBXTargetDependency */,
			);
			name = SwiftIOTests;
			productName = SwiftIOTests;
			productReference = "_____Product_SwiftIOTests" /* SwiftIOTests.xctest */;
			productType = "com.apple.product-type.bundle.unit-test";
		};
/* End PBXNativeTarget section */

/* Begin PBXProject section */
		__RootObject_ /* Project object */ = {
			isa = PBXProject;
			attributes = {
				LastUpgradeCheck = 9999;
			};
			buildConfigurationList = "___RootConfs_" /* Build configuration list for PBXProject "swift-io" */;
			compatibilityVersion = "Xcode 3.2";
			developmentRegion = English;
			hasScannedForEncodings = 0;
			knownRegions = (
				en,
			);
			mainGroup = "___RootGroup_";
			productRefGroup = "____Products_" /* Products */;
			projectDirPath = "";
			projectRoot = "";
			targets = (
				"______Target_SwiftIO" /* SwiftIO */,
				"______Target_SwiftIOTests" /* SwiftIOTests */,
			);
		};
/* End PBXProject section */

/* Begin PBXSourcesBuildPhase section */
		CompilePhase_SwiftIO /* Sources */ = {
			isa = PBXSourcesBuildPhase;
			buildActionMask = 0;
			files = (
				__src_cc_ref_Sources/SwiftIO/Closeable.swift /* Closeable.swift in Sources */,
				__src_cc_ref_Sources/SwiftIO/Constants.swift /* Constants.swift in Sources */,
				__src_cc_ref_Sources/SwiftIO/Exception.swift /* Exception.swift in Sources */,
				__src_cc_ref_Sources/SwiftIO/IOException.swift /* IOException.swift in Sources */,
				__src_cc_ref_Sources/SwiftIO/reader/BufferedReader.swift /* reader/BufferedReader.swift in Sources */,
				__src_cc_ref_Sources/SwiftIO/reader/FileReader.swift /* reader/FileReader.swift in Sources */,
				__src_cc_ref_Sources/SwiftIO/reader/InputStreamReader.swift /* reader/InputStreamReader.swift in Sources */,
				__src_cc_ref_Sources/SwiftIO/reader/Reader.swift /* reader/Reader.swift in Sources */,
				__src_cc_ref_Sources/SwiftIO/reader/StringReader.swift /* reader/StringReader.swift in Sources */,
				__src_cc_ref_Sources/SwiftIO/writer/FileWriter.swift /* writer/FileWriter.swift in Sources */,
				__src_cc_ref_Sources/SwiftIO/writer/OutputStreamWriter.swift /* writer/OutputStreamWriter.swift in Sources */,
				__src_cc_ref_Sources/SwiftIO/writer/StringWriter.swift /* writer/StringWriter.swift in Sources */,
				__src_cc_ref_Sources/SwiftIO/writer/Writer.swift /* writer/Writer.swift in Sources */,
			);
			runOnlyForDeploymentPostprocessing = 0;
		};
		CompilePhase_SwiftIOTests /* Sources */ = {
			isa = PBXSourcesBuildPhase;
			buildActionMask = 0;
			files = (
				__src_cc_ref_Tests/SwiftIOTests/BufferedReaderTests.swift /* BufferedReaderTests.swift in Sources */,
				__src_cc_ref_Tests/SwiftIOTests/FileReaderTests.swift /* FileReaderTests.swift in Sources */,
				__src_cc_ref_Tests/SwiftIOTests/FileWriterTests.swift /* FileWriterTests.swift in Sources */,
				__src_cc_ref_Tests/SwiftIOTests/InputStreamReaderTests.swift /* InputStreamReaderTests.swift in Sources */,
				__src_cc_ref_Tests/SwiftIOTests/OutputStreamWriterTests.swift /* OutputStreamWriterTests.swift in Sources */,
				__src_cc_ref_Tests/SwiftIOTests/PerformanceTests.swift /* PerformanceTests.swift in Sources */,
				__src_cc_ref_Tests/SwiftIOTests/StringWriterTests.swift /* StringWriterTests.swift in Sources */,
			);
			runOnlyForDeploymentPostprocessing = 0;
		};
/* End PBXSourcesBuildPhase section */

/* Begin PBXTargetDependency section */
		__Dependency_SwiftIO /* PBXTargetDependency */ = {
			isa = PBXTargetDependency;
			target = "______Target_SwiftIO" /* SwiftIO */;
			targetProxy = F991DBB91D9DB0B40076252F /* PBXContainerItemProxy */;
		};
/* End PBXTargetDependency section */

/* Begin XCBuildConfiguration section */
		_ReleaseConf_SwiftIO /* Release */ = {
			isa = XCBuildConfiguration;
			buildSettings = {
				ENABLE_TESTABILITY = YES;
				FRAMEWORK_SEARCH_PATHS = "$(PLATFORM_DIR)/Developer/Library/Frameworks";
				INFOPLIST_FILE = "swift-io.xcodeproj/SwiftIO_Info.plist";
				LD_RUNPATH_SEARCH_PATHS = "$(TOOLCHAIN_DIR)/usr/lib/swift/macosx";
				OTHER_LDFLAGS = "$(inherited)";
				OTHER_SWIFT_FLAGS = "$(inherited)";
				PRODUCT_BUNDLE_IDENTIFIER = SwiftIO;
				PRODUCT_MODULE_NAME = "$(TARGET_NAME:c99extidentifier)";
				PRODUCT_NAME = "$(TARGET_NAME:c99extidentifier)";
				SWIFT_VERSION = 3.0;
			};
			name = Release;
		};
		_ReleaseConf_SwiftIOTests /* Release */ = {
			isa = XCBuildConfiguration;
			buildSettings = {
				EMBEDDED_CONTENT_CONTAINS_SWIFT = YES;
				FRAMEWORK_SEARCH_PATHS = "$(PLATFORM_DIR)/Developer/Library/Frameworks";
				INFOPLIST_FILE = "swift-io.xcodeproj/SwiftIOTests_Info.plist";
				LD_RUNPATH_SEARCH_PATHS = "@loader_path/../Frameworks";
				OTHER_LDFLAGS = "$(inherited)";
				OTHER_SWIFT_FLAGS = "$(inherited)";
				SWIFT_VERSION = 3.0;
			};
			name = Release;
		};
		"___DebugConf_SwiftIO" /* Debug */ = {
			isa = XCBuildConfiguration;
			buildSettings = {
				ENABLE_TESTABILITY = YES;
				FRAMEWORK_SEARCH_PATHS = "$(PLATFORM_DIR)/Developer/Library/Frameworks";
				INFOPLIST_FILE = "swift-io.xcodeproj/SwiftIO_Info.plist";
				LD_RUNPATH_SEARCH_PATHS = "$(TOOLCHAIN_DIR)/usr/lib/swift/macosx";
				OTHER_LDFLAGS = "$(inherited)";
				OTHER_SWIFT_FLAGS = "$(inherited)";
				PRODUCT_BUNDLE_IDENTIFIER = SwiftIO;
				PRODUCT_MODULE_NAME = "$(TARGET_NAME:c99extidentifier)";
				PRODUCT_NAME = "$(TARGET_NAME:c99extidentifier)";
				SWIFT_OPTIMIZATION_LEVEL = "-Onone";
				SWIFT_VERSION = 3.0;
			};
			name = Debug;
		};
		"___DebugConf_SwiftIOTests" /* Debug */ = {
			isa = XCBuildConfiguration;
			buildSettings = {
				EMBEDDED_CONTENT_CONTAINS_SWIFT = YES;
				FRAMEWORK_SEARCH_PATHS = "$(PLATFORM_DIR)/Developer/Library/Frameworks";
				INFOPLIST_FILE = "swift-io.xcodeproj/SwiftIOTests_Info.plist";
				LD_RUNPATH_SEARCH_PATHS = "@loader_path/../Frameworks";
				OTHER_LDFLAGS = "$(inherited)";
				OTHER_SWIFT_FLAGS = "$(inherited)";
				SWIFT_OPTIMIZATION_LEVEL = "-Onone";
				SWIFT_VERSION = 3.0;
			};
			name = Debug;
		};
		"_____Release_" /* Release */ = {
			isa = XCBuildConfiguration;
			baseConfigurationReference = "__PBXFileRef_swift-io.xcodeproj/Configs/Project.xcconfig" /* swift-io.xcodeproj/Configs/Project.xcconfig */;
			buildSettings = {
			};
			name = Release;
		};
		"_______Debug_" /* Debug */ = {
			isa = XCBuildConfiguration;
			baseConfigurationReference = "__PBXFileRef_swift-io.xcodeproj/Configs/Project.xcconfig" /* swift-io.xcodeproj/Configs/Project.xcconfig */;
			buildSettings = {
			};
			name = Debug;
		};
/* End XCBuildConfiguration section */

/* Begin XCConfigurationList section */
		"___RootConfs_" /* Build configuration list for PBXProject "swift-io" */ = {
			isa = XCConfigurationList;
			buildConfigurations = (
				"_______Debug_" /* Debug */,
				"_____Release_" /* Release */,
			);
			defaultConfigurationIsVisible = 0;
			defaultConfigurationName = Debug;
		};
		"_______Confs_SwiftIO" /* Build configuration list for PBXNativeTarget "SwiftIO" */ = {
			isa = XCConfigurationList;
			buildConfigurations = (
				"___DebugConf_SwiftIO" /* Debug */,
				_ReleaseConf_SwiftIO /* Release */,
			);
			defaultConfigurationIsVisible = 0;
			defaultConfigurationName = Debug;
		};
		"_______Confs_SwiftIOTests" /* Build configuration list for PBXNativeTarget "SwiftIOTests" */ = {
			isa = XCConfigurationList;
			buildConfigurations = (
				"___DebugConf_SwiftIOTests" /* Debug */,
				_ReleaseConf_SwiftIOTests /* Release */,
			);
			defaultConfigurationIsVisible = 0;
			defaultConfigurationName = Debug;
		};
/* End XCConfigurationList section */
	};
	rootObject = __RootObject_ /* Project object */;
}
